# This file was autogenerated by Stack.
# You should not edit this file by hand.
# For more information, please see the documentation at:
#   https://docs.haskellstack.org/en/stable/topics/lock_files

packages: []
snapshots:
- completed:
    sha256: 9393bd0a9cd0a64274fd56b1ca29db3594670c13b57699ba8b28788f5001bb1e
    size: 667261
    url: https://raw.githubusercontent.com/commercialhaskell/stackage-snapshots/master/nightly/2025/3/25.yaml
  original: nightly-2025-03-25
